// !$*UTF8*$!
{
	archiveVersion = 1;
	classes = {
	};
	objectVersion = 56;
	objects = {

/* Begin PBXBuildFile section */
		6FB6076C28E1D001007A834D /* XcodeCloudApp.swift in Sources */ = {isa = PBXBuildFile; fileRef = 6FB6076B28E1D001007A834D /* XcodeCloudApp.swift */; };
		6FB6076E28E1D001007A834D /* ContentView.swift in Sources */ = {isa = PBXBuildFile; fileRef = 6FB6076D28E1D001007A834D /* ContentView.swift */; };
		6FB6077028E1D003007A834D /* Assets.xcassets in Resources */ = {isa = PBXBuildFile; fileRef = 6FB6076F28E1D003007A834D /* Assets.xcassets */; };
		6FB6077328E1D003007A834D /* Preview Assets.xcassets in Resources */ = {isa = PBXBuildFile; fileRef = 6FB6077228E1D003007A834D /* Preview Assets.xcassets */; };
		6FB6077528E1D003007A834D /* Persistence.swift in Sources */ = {isa = PBXBuildFile; fileRef = 6FB6077428E1D003007A834D /* Persistence.swift */; };
		6FB6077828E1D003007A834D /* XcodeCloud.xcdatamodeld in Sources */ = {isa = PBXBuildFile; fileRef = 6FB6077628E1D003007A834D /* XcodeCloud.xcdatamodeld */; };
		6FB6078328E1D003007A834D /* XcodeCloudTests.swift in Sources */ = {isa = PBXBuildFile; fileRef = 6FB6078228E1D003007A834D /* XcodeCloudTests.swift */; };
		6FB6078D28E1D003007A834D /* XcodeCloudUITests.swift in Sources */ = {isa = PBXBuildFile; fileRef = 6FB6078C28E1D003007A834D /* XcodeCloudUITests.swift */; };
		6FB6078F28E1D003007A834D /* XcodeCloudUITestsLaunchTests.swift in Sources */ = {isa = PBXBuildFile; fileRef = 6FB6078E28E1D003007A834D /* XcodeCloudUITestsLaunchTests.swift */; };
/* End PBXBuildFile section */

/* Begin PBXContainerItemProxy section */
		6FB6077F28E1D003007A834D /* PBXContainerItemProxy */ = {
			isa = PBXContainerItemProxy;
			containerPortal = 6FB6076028E1D001007A834D /* Project object */;
			proxyType = 1;
			remoteGlobalIDString = 6FB6076728E1D001007A834D;
			remoteInfo = XcodeCloud;
		};
		6FB6078928E1D003007A834D /* PBXContainerItemProxy */ = {
			isa = PBXContainerItemProxy;
			containerPortal = 6FB6076028E1D001007A834D /* Project object */;
			proxyType = 1;
			remoteGlobalIDString = 6FB6076728E1D001007A834D;
			remoteInfo = XcodeCloud;
		};
/* End PBXContainerItemProxy section */

/* Begin PBXFileReference section */
		6FB6076828E1D001007A834D /* XcodeCloud12313.app */ = {isa = PBXFileReference; explicitFileType = wrapper.application; includeInIndex = 0; path = XcodeCloud12313.app; sourceTree = BUILT_PRODUCTS_DIR; };
		6FB6076B28E1D001007A834D /* XcodeCloudApp.swift */ = {isa = PBXFileReference; lastKnownFileType = sourcecode.swift; path = XcodeCloudApp.swift; sourceTree = "<group>"; };
		6FB6076D28E1D001007A834D /* ContentView.swift */ = {isa = PBXFileReference; lastKnownFileType = sourcecode.swift; path = ContentView.swift; sourceTree = "<group>"; };
		6FB6076F28E1D003007A834D /* Assets.xcassets */ = {isa = PBXFileReference; lastKnownFileType = folder.assetcatalog; path = Assets.xcassets; sourceTree = "<group>"; };
		6FB6077228E1D003007A834D /* Preview Assets.xcassets */ = {isa = PBXFileReference; lastKnownFileType = folder.assetcatalog; path = "Preview Assets.xcassets"; sourceTree = "<group>"; };
		6FB6077428E1D003007A834D /* Persistence.swift */ = {isa = PBXFileReference; lastKnownFileType = sourcecode.swift; path = Persistence.swift; sourceTree = "<group>"; };
		6FB6077728E1D003007A834D /* XcodeCloud.xcdatamodel */ = {isa = PBXFileReference; lastKnownFileType = wrapper.xcdatamodel; path = XcodeCloud.xcdatamodel; sourceTree = "<group>"; };
		6FB6077928E1D003007A834D /* Info.plist */ = {isa = PBXFileReference; lastKnownFileType = text.plist.xml; path = Info.plist; sourceTree = "<group>"; };
		6FB6077E28E1D003007A834D /* XcodeCloudTests.xctest */ = {isa = PBXFileReference; explicitFileType = wrapper.cfbundle; includeInIndex = 0; path = XcodeCloudTests.xctest; sourceTree = BUILT_PRODUCTS_DIR; };
		6FB6078228E1D003007A834D /* XcodeCloudTests.swift */ = {isa = PBXFileReference; lastKnownFileType = sourcecode.swift; path = XcodeCloudTests.swift; sourceTree = "<group>"; };
		6FB6078828E1D003007A834D /* XcodeCloudUITests.xctest */ = {isa = PBXFileReference; explicitFileType = wrapper.cfbundle; includeInIndex = 0; path = XcodeCloudUITests.xctest; sourceTree = BUILT_PRODUCTS_DIR; };
		6FB6078C28E1D003007A834D /* XcodeCloudUITests.swift */ = {isa = PBXFileReference; lastKnownFileType = sourcecode.swift; path = XcodeCloudUITests.swift; sourceTree = "<group>"; };
		6FB6078E28E1D003007A834D /* XcodeCloudUITestsLaunchTests.swift */ = {isa = PBXFileReference; lastKnownFileType = sourcecode.swift; path = XcodeCloudUITestsLaunchTests.swift; sourceTree = "<group>"; };
/* End PBXFileReference section */

/* Begin PBXFrameworksBuildPhase section */
		6FB6076528E1D001007A834D /* Frameworks */ = {
			isa = PBXFrameworksBuildPhase;
			buildActionMask = 2147483647;
			files = (
			);
			runOnlyForDeploymentPostprocessing = 0;
		};
		6FB6077B28E1D003007A834D /* Frameworks */ = {
			isa = PBXFrameworksBuildPhase;
			buildActionMask = 2147483647;
			files = (
			);
			runOnlyForDeploymentPostprocessing = 0;
		};
		6FB6078528E1D003007A834D /* Frameworks */ = {
			isa = PBXFrameworksBuildPhase;
			buildActionMask = 2147483647;
			files = (
			);
			runOnlyForDeploymentPostprocessing = 0;
		};
/* End PBXFrameworksBuildPhase section */

/* Begin PBXGroup section */
		6FB6075F28E1D001007A834D = {
			isa = PBXGroup;
			children = (
				6FB6076A28E1D001007A834D /* XcodeCloud */,
				6FB6078128E1D003007A834D /* XcodeCloudTests */,
				6FB6078B28E1D003007A834D /* XcodeCloudUITests */,
				6FB6076928E1D001007A834D /* Products */,
			);
			sourceTree = "<group>";
		};
		6FB6076928E1D001007A834D /* Products */ = {
			isa = PBXGroup;
			children = (
				6FB6076828E1D001007A834D /* XcodeCloud12313.app */,
				6FB6077E28E1D003007A834D /* XcodeCloudTests.xctest */,
				6FB6078828E1D003007A834D /* XcodeCloudUITests.xctest */,
			);
			name = Products;
			sourceTree = "<group>";
		};
		6FB6076A28E1D001007A834D /* XcodeCloud */ = {
			isa = PBXGroup;
			children = (
				6FB6076B28E1D001007A834D /* XcodeCloudApp.swift */,
				6FB6076D28E1D001007A834D /* ContentView.swift */,
				6FB6076F28E1D003007A834D /* Assets.xcassets */,
				6FB6077428E1D003007A834D /* Persistence.swift */,
				6FB6077928E1D003007A834D /* Info.plist */,
				6FB6077628E1D003007A834D /* XcodeCloud.xcdatamodeld */,
				6FB6077128E1D003007A834D /* Preview Content */,
			);
			path = XcodeCloud;
			sourceTree = "<group>";
		};
		6FB6077128E1D003007A834D /* Preview Content */ = {
			isa = PBXGroup;
			children = (
				6FB6077228E1D003007A834D /* Preview Assets.xcassets */,
			);
			path = "Preview Content";
			sourceTree = "<group>";
		};
		6FB6078128E1D003007A834D /* XcodeCloudTests */ = {
			isa = PBXGroup;
			children = (
				6FB6078228E1D003007A834D /* XcodeCloudTests.swift */,
			);
			path = XcodeCloudTests;
			sourceTree = "<group>";
		};
		6FB6078B28E1D003007A834D /* XcodeCloudUITests */ = {
			isa = PBXGroup;
			children = (
				6FB6078C28E1D003007A834D /* XcodeCloudUITests.swift */,
				6FB6078E28E1D003007A834D /* XcodeCloudUITestsLaunchTests.swift */,
			);
			path = XcodeCloudUITests;
			sourceTree = "<group>";
		};
/* End PBXGroup section */

/* Begin PBXNativeTarget section */
		6FB6076728E1D001007A834D /* XcodeCloud12313 */ = {
			isa = PBXNativeTarget;
			buildConfigurationList = 6FB6079228E1D003007A834D /* Build configuration list for PBXNativeTarget "XcodeCloud12313" */;
			buildPhases = (
				6FB6076428E1D001007A834D /* Sources */,
				6FB6076528E1D001007A834D /* Frameworks */,
				6FB6076628E1D001007A834D /* Resources */,
			);
			buildRules = (
			);
			dependencies = (
			);
			name = XcodeCloud12313;
			productName = XcodeCloud;
			productReference = 6FB6076828E1D001007A834D /* XcodeCloud12313.app */;
			productType = "com.apple.product-type.application";
		};
		6FB6077D28E1D003007A834D /* XcodeCloudTests */ = {
			isa = PBXNativeTarget;
			buildConfigurationList = 6FB6079528E1D003007A834D /* Build configuration list for PBXNativeTarget "XcodeCloudTests" */;
			buildPhases = (
				6FB6077A28E1D003007A834D /* Sources */,
				6FB6077B28E1D003007A834D /* Frameworks */,
				6FB6077C28E1D003007A834D /* Resources */,
			);
			buildRules = (
			);
			dependencies = (
				6FB6078028E1D003007A834D /* PBXTargetDependency */,
			);
			name = XcodeCloudTests;
			productName = XcodeCloudTests;
			productReference = 6FB6077E28E1D003007A834D /* XcodeCloudTests.xctest */;
			productType = "com.apple.product-type.bundle.unit-test";
		};
		6FB6078728E1D003007A834D /* XcodeCloudUITests */ = {
			isa = PBXNativeTarget;
			buildConfigurationList = 6FB6079828E1D003007A834D /* Build configuration list for PBXNativeTarget "XcodeCloudUITests" */;
			buildPhases = (
				6FB6078428E1D003007A834D /* Sources */,
				6FB6078528E1D003007A834D /* Frameworks */,
				6FB6078628E1D003007A834D /* Resources */,
			);
			buildRules = (
			);
			dependencies = (
				6FB6078A28E1D003007A834D /* PBXTargetDependency */,
			);
			name = XcodeCloudUITests;
			productName = XcodeCloudUITests;
			productReference = 6FB6078828E1D003007A834D /* XcodeCloudUITests.xctest */;
			productType = "com.apple.product-type.bundle.ui-testing";
		};
/* End PBXNativeTarget section */

/* Begin PBXProject section */
		6FB6076028E1D001007A834D /* Project object */ = {
			isa = PBXProject;
			attributes = {
				BuildIndependentTargetsInParallel = 1;
				LastSwiftUpdateCheck = 1400;
				LastUpgradeCheck = 1400;
				TargetAttributes = {
					6FB6076728E1D001007A834D = {
						CreatedOnToolsVersion = 14.0;
					};
					6FB6077D28E1D003007A834D = {
						CreatedOnToolsVersion = 14.0;
						TestTargetID = 6FB6076728E1D001007A834D;
					};
					6FB6078728E1D003007A834D = {
						CreatedOnToolsVersion = 14.0;
						TestTargetID = 6FB6076728E1D001007A834D;
					};
				};
			};
			buildConfigurationList = 6FB6076328E1D001007A834D /* Build configuration list for PBXProject "XcodeCloud" */;
			compatibilityVersion = "Xcode 14.0";
			developmentRegion = en;
			hasScannedForEncodings = 0;
			knownRegions = (
				en,
				Base,
			);
			mainGroup = 6FB6075F28E1D001007A834D;
			productRefGroup = 6FB6076928E1D001007A834D /* Products */;
			projectDirPath = "";
			projectRoot = "";
			targets = (
				6FB6076728E1D001007A834D /* XcodeCloud12313 */,
				6FB6077D28E1D003007A834D /* XcodeCloudTests */,
				6FB6078728E1D003007A834D /* XcodeCloudUITests */,
			);
		};
/* End PBXProject section */

/* Begin PBXResourcesBuildPhase section */
		6FB6076628E1D001007A834D /* Resources */ = {
			isa = PBXResourcesBuildPhase;
			buildActionMask = 2147483647;
			files = (
				6FB6077328E1D003007A834D /* Preview Assets.xcassets in Resources */,
				6FB6077028E1D003007A834D /* Assets.xcassets in Resources */,
			);
			runOnlyForDeploymentPostprocessing = 0;
		};
		6FB6077C28E1D003007A834D /* Resources */ = {
			isa = PBXResourcesBuildPhase;
			buildActionMask = 2147483647;
			files = (
			);
			runOnlyForDeploymentPostprocessing = 0;
		};
		6FB6078628E1D003007A834D /* Resources */ = {
			isa = PBXResourcesBuildPhase;
			buildActionMask = 2147483647;
			files = (
			);
			runOnlyForDeploymentPostprocessing = 0;
		};
/* End PBXResourcesBuildPhase section */

/* Begin PBXSourcesBuildPhase section */
		6FB6076428E1D001007A834D /* Sources */ = {
			isa = PBXSourcesBuildPhase;
			buildActionMask = 2147483647;
			files = (
				6FB6077528E1D003007A834D /* Persistence.swift in Sources */,
				6FB6077828E1D003007A834D /* XcodeCloud.xcdatamodeld in Sources */,
				6FB6076E28E1D001007A834D /* ContentView.swift in Sources */,
				6FB6076C28E1D001007A834D /* XcodeCloudApp.swift in Sources */,
			);
			runOnlyForDeploymentPostprocessing = 0;
		};
		6FB6077A28E1D003007A834D /* Sources */ = {
			isa = PBXSourcesBuildPhase;
			buildActionMask = 2147483647;
			files = (
				6FB6078328E1D003007A834D /* XcodeCloudTests.swift in Sources */,
			);
			runOnlyForDeploymentPostprocessing = 0;
		};
		6FB6078428E1D003007A834D /* Sources */ = {
			isa = PBXSourcesBuildPhase;
			buildActionMask = 2147483647;
			files = (
				6FB6078F28E1D003007A834D /* XcodeCloudUITestsLaunchTests.swift in Sources */,
				6FB6078D28E1D003007A834D /* XcodeCloudUITests.swift in Sources */,
			);
			runOnlyForDeploymentPostprocessing = 0;
		};
/* End PBXSourcesBuildPhase section */

/* Begin PBXTargetDependency section */
		6FB6078028E1D003007A834D /* PBXTargetDependency */ = {
			isa = PBXTargetDependency;
			target = 6FB6076728E1D001007A834D /* XcodeCloud12313 */;
			targetProxy = 6FB6077F28E1D003007A834D /* PBXContainerItemProxy */;
		};
		6FB6078A28E1D003007A834D /* PBXTargetDependency */ = {
			isa = PBXTargetDependency;
			target = 6FB6076728E1D001007A834D /* XcodeCloud12313 */;
			targetProxy = 6FB6078928E1D003007A834D /* PBXContainerItemProxy */;
		};
/* End PBXTargetDependency section */

/* Begin XCBuildConfiguration section */
		6FB6079028E1D003007A834D /* Debug */ = {
			isa = XCBuildConfiguration;
			buildSettings = {
				ALWAYS_SEARCH_USER_PATHS = NO;
				CLANG_ANALYZER_NONNULL = YES;
				CLANG_ANALYZER_NUMBER_OBJECT_CONVERSION = YES_AGGRESSIVE;
				CLANG_CXX_LANGUAGE_STANDARD = "gnu++20";
				CLANG_ENABLE_MODULES = YES;
				CLANG_ENABLE_OBJC_ARC = YES;
				CLANG_ENABLE_OBJC_WEAK = YES;
				CLANG_WARN_BLOCK_CAPTURE_AUTORELEASING = YES;
				CLANG_WARN_BOOL_CONVERSION = YES;
				CLANG_WARN_COMMA = YES;
				CLANG_WARN_CONSTANT_CONVERSION = YES;
				CLANG_WARN_DEPRECATED_OBJC_IMPLEMENTATIONS = YES;
				CLANG_WARN_DIRECT_OBJC_ISA_USAGE = YES_ERROR;
				CLANG_WARN_DOCUMENTATION_COMMENTS = YES;
				CLANG_WARN_EMPTY_BODY = YES;
				CLANG_WARN_ENUM_CONVERSION = YES;
				CLANG_WARN_INFINITE_RECURSION = YES;
				CLANG_WARN_INT_CONVERSION = YES;
				CLANG_WARN_NON_LITERAL_NULL_CONVERSION = YES;
				CLANG_WARN_OBJC_IMPLICIT_RETAIN_SELF = YES;
				CLANG_WARN_OBJC_LITERAL_CONVERSION = YES;
				CLANG_WARN_OBJC_ROOT_CLASS = YES_ERROR;
				CLANG_WARN_QUOTED_INCLUDE_IN_FRAMEWORK_HEADER = YES;
				CLANG_WARN_RANGE_LOOP_ANALYSIS = YES;
				CLANG_WARN_STRICT_PROTOTYPES = YES;
				CLANG_WARN_SUSPICIOUS_MOVE = YES;
				CLANG_WARN_UNGUARDED_AVAILABILITY = YES_AGGRESSIVE;
				CLANG_WARN_UNREACHABLE_CODE = YES;
				CLANG_WARN__DUPLICATE_METHOD_MATCH = YES;
				COPY_PHASE_STRIP = NO;
				DEBUG_INFORMATION_FORMAT = dwarf;
				ENABLE_STRICT_OBJC_MSGSEND = YES;
				ENABLE_TESTABILITY = YES;
				GCC_C_LANGUAGE_STANDARD = gnu11;
				GCC_DYNAMIC_NO_PIC = NO;
				GCC_NO_COMMON_BLOCKS = YES;
				GCC_OPTIMIZATION_LEVEL = 0;
				GCC_PREPROCESSOR_DEFINITIONS = (
					"DEBUG=1",
					"$(inherited)",
				);
				GCC_WARN_64_TO_32_BIT_CONVERSION = YES;
				GCC_WARN_ABOUT_RETURN_TYPE = YES_ERROR;
				GCC_WARN_UNDECLARED_SELECTOR = YES;
				GCC_WARN_UNINITIALIZED_AUTOS = YES_AGGRESSIVE;
				GCC_WARN_UNUSED_FUNCTION = YES;
				GCC_WARN_UNUSED_VARIABLE = YES;
				IPHONEOS_DEPLOYMENT_TARGET = 16.0;
				MTL_ENABLE_DEBUG_INFO = INCLUDE_SOURCE;
				MTL_FAST_MATH = YES;
				ONLY_ACTIVE_ARCH = YES;
				SDKROOT = iphoneos;
				SWIFT_ACTIVE_COMPILATION_CONDITIONS = DEBUG;
				SWIFT_OPTIMIZATION_LEVEL = "-Onone";
			};
			name = Debug;
		};
		6FB6079128E1D003007A834D /* Release */ = {
			isa = XCBuildConfiguration;
			buildSettings = {
				ALWAYS_SEARCH_USER_PATHS = NO;
				CLANG_ANALYZER_NONNULL = YES;
				CLANG_ANALYZER_NUMBER_OBJECT_CONVERSION = YES_AGGRESSIVE;
				CLANG_CXX_LANGUAGE_STANDARD = "gnu++20";
				CLANG_ENABLE_MODULES = YES;
				CLANG_ENABLE_OBJC_ARC = YES;
				CLANG_ENABLE_OBJC_WEAK = YES;
				CLANG_WARN_BLOCK_CAPTURE_AUTORELEASING = YES;
				CLANG_WARN_BOOL_CONVERSION = YES;
				CLANG_WARN_COMMA = YES;
				CLANG_WARN_CONSTANT_CONVERSION = YES;
				CLANG_WARN_DEPRECATED_OBJC_IMPLEMENTATIONS = YES;
				CLANG_WARN_DIRECT_OBJC_ISA_USAGE = YES_ERROR;
				CLANG_WARN_DOCUMENTATION_COMMENTS = YES;
				CLANG_WARN_EMPTY_BODY = YES;
				CLANG_WARN_ENUM_CONVERSION = YES;
				CLANG_WARN_INFINITE_RECURSION = YES;
				CLANG_WARN_INT_CONVERSION = YES;
				CLANG_WARN_NON_LITERAL_NULL_CONVERSION = YES;
				CLANG_WARN_OBJC_IMPLICIT_RETAIN_SELF = YES;
				CLANG_WARN_OBJC_LITERAL_CONVERSION = YES;
				CLANG_WARN_OBJC_ROOT_CLASS = YES_ERROR;
				CLANG_WARN_QUOTED_INCLUDE_IN_FRAMEWORK_HEADER = YES;
				CLANG_WARN_RANGE_LOOP_ANALYSIS = YES;
				CLANG_WARN_STRICT_PROTOTYPES = YES;
				CLANG_WARN_SUSPICIOUS_MOVE = YES;
				CLANG_WARN_UNGUARDED_AVAILABILITY = YES_AGGRESSIVE;
				CLANG_WARN_UNREACHABLE_CODE = YES;
				CLANG_WARN__DUPLICATE_METHOD_MATCH = YES;
				COPY_PHASE_STRIP = NO;
				DEBUG_INFORMATION_FORMAT = "dwarf-with-dsym";
				ENABLE_NS_ASSERTIONS = NO;
				ENABLE_STRICT_OBJC_MSGSEND = YES;
				GCC_C_LANGUAGE_STANDARD = gnu11;
				GCC_NO_COMMON_BLOCKS = YES;
				GCC_WARN_64_TO_32_BIT_CONVERSION = YES;
				GCC_WARN_ABOUT_RETURN_TYPE = YES_ERROR;
				GCC_WARN_UNDECLARED_SELECTOR = YES;
				GCC_WARN_UNINITIALIZED_AUTOS = YES_AGGRESSIVE;
				GCC_WARN_UNUSED_FUNCTION = YES;
				GCC_WARN_UNUSED_VARIABLE = YES;
				IPHONEOS_DEPLOYMENT_TARGET = 16.0;
				MTL_ENABLE_DEBUG_INFO = NO;
				MTL_FAST_MATH = YES;
				SDKROOT = iphoneos;
				SWIFT_COMPILATION_MODE = wholemodule;
				SWIFT_OPTIMIZATION_LEVEL = "-O";
				VALIDATE_PRODUCT = YES;
			};
			name = Release;
		};
		6FB6079328E1D003007A834D /* Debug */ = {
			isa = XCBuildConfiguration;
			buildSettings = {
				ASSETCATALOG_COMPILER_APPICON_NAME = AppIcon;
				ASSETCATALOG_COMPILER_GLOBAL_ACCENT_COLOR_NAME = AccentColor;
				CODE_SIGN_STYLE = Automatic;
				CURRENT_PROJECT_VERSION = 1;
				DEVELOPMENT_ASSET_PATHS = "\"XcodeCloud/Preview Content\"";
				DEVELOPMENT_TEAM = K328B98U3F;
				ENABLE_PREVIEWS = YES;
				GENERATE_INFOPLIST_FILE = YES;
				INFOPLIST_KEY_CFBundleDisplayName = XcodeCloudTest2022Luiz;
				INFOPLIST_KEY_UIApplicationSceneManifest_Generation = YES;
				INFOPLIST_KEY_UIApplicationSupportsIndirectInputEvents = YES;
				INFOPLIST_KEY_UILaunchScreen_Generation = YES;
				INFOPLIST_KEY_UISupportedInterfaceOrientations_iPad = "UIInterfaceOrientationPortrait UIInterfaceOrientationPortraitUpsideDown UIInterfaceOrientationLandscapeLeft UIInterfaceOrientationLandscapeRight";
				INFOPLIST_KEY_UISupportedInterfaceOrientations_iPhone = "UIInterfaceOrientationPortrait UIInterfaceOrientationLandscapeLeft UIInterfaceOrientationLandscapeRight";
				LD_RUNPATH_SEARCH_PATHS = (
					"$(inherited)",
					"@executable_path/Frameworks",
				);
				MARKETING_VERSION = 1.0;
				PRODUCT_BUNDLE_IDENTIFIER = br.com.mentorJunior.workshop.XcodeCloud;
				PRODUCT_NAME = "$(TARGET_NAME)";
				SWIFT_EMIT_LOC_STRINGS = YES;
				SWIFT_VERSION = 5.0;
				TARGETED_DEVICE_FAMILY = "1,2";
			};
			name = Debug;
		};
		6FB6079428E1D003007A834D /* Release */ = {
			isa = XCBuildConfiguration;
			buildSettings = {
				ASSETCATALOG_COMPILER_APPICON_NAME = AppIcon;
				ASSETCATALOG_COMPILER_GLOBAL_ACCENT_COLOR_NAME = AccentColor;
				CODE_SIGN_STYLE = Automatic;
				CURRENT_PROJECT_VERSION = 1;
				DEVELOPMENT_ASSET_PATHS = "\"XcodeCloud/Preview Content\"";
				DEVELOPMENT_TEAM = K328B98U3F;
				ENABLE_PREVIEWS = YES;
				GENERATE_INFOPLIST_FILE = YES;
				INFOPLIST_KEY_CFBundleDisplayName = XcodeCloudTest2022Luiz;
				INFOPLIST_KEY_UIApplicationSceneManifest_Generation = YES;
				INFOPLIST_KEY_UIApplicationSupportsIndirectInputEvents = YES;
				INFOPLIST_KEY_UILaunchScreen_Generation = YES;
				INFOPLIST_KEY_UISupportedInterfaceOrientations_iPad = "UIInterfaceOrientationPortrait UIInterfaceOrientationPortraitUpsideDown UIInterfaceOrientationLandscapeLeft UIInterfaceOrientationLandscapeRight";
				INFOPLIST_KEY_UISupportedInterfaceOrientations_iPhone = "UIInterfaceOrientationPortrait UIInterfaceOrientationLandscapeLeft UIInterfaceOrientationLandscapeRight";
				LD_RUNPATH_SEARCH_PATHS = (
					"$(inherited)",
					"@executable_path/Frameworks",
				);
				MARKETING_VERSION = 1.0;
				PRODUCT_BUNDLE_IDENTIFIER = br.com.mentorJunior.workshop.XcodeCloud;
				PRODUCT_NAME = "$(TARGET_NAME)";
				SWIFT_EMIT_LOC_STRINGS = YES;
				SWIFT_VERSION = 5.0;
				TARGETED_DEVICE_FAMILY = "1,2";
			};
			name = Release;
		};
		6FB6079628E1D003007A834D /* Debug */ = {
			isa = XCBuildConfiguration;
			buildSettings = {
				ALWAYS_EMBED_SWIFT_STANDARD_LIBRARIES = YES;
				BUNDLE_LOADER = "$(TEST_HOST)";
				"CODE_SIGN_IDENTITY[sdk=macosx*]" = "Apple Development";
				CODE_SIGN_STYLE = Automatic;
				CURRENT_PROJECT_VERSION = 1;
				DEVELOPMENT_TEAM = K328B98U3F;
				GENERATE_INFOPLIST_FILE = YES;
				IPHONEOS_DEPLOYMENT_TARGET = 16.0;
				MARKETING_VERSION = 1.0;
				PRODUCT_BUNDLE_IDENTIFIER = br.com.mentorJunior.workshop.XcodeCloudTests;
				PRODUCT_NAME = "$(TARGET_NAME)";
				SWIFT_EMIT_LOC_STRINGS = NO;
				SWIFT_VERSION = 5.0;
				TARGETED_DEVICE_FAMILY = "1,2";
				TEST_HOST = "$(BUILT_PRODUCTS_DIR)/XcodeCloud.app/$(BUNDLE_EXECUTABLE_FOLDER_PATH)/XcodeCloud";
			};
			name = Debug;
		};
		6FB6079728E1D003007A834D /* Release */ = {
			isa = XCBuildConfiguration;
			buildSettings = {
				ALWAYS_EMBED_SWIFT_STANDARD_LIBRARIES = YES;
				BUNDLE_LOADER = "$(TEST_HOST)";
				"CODE_SIGN_IDENTITY[sdk=macosx*]" = "Apple Development";
				CODE_SIGN_STYLE = Automatic;
				CURRENT_PROJECT_VERSION = 1;
				DEVELOPMENT_TEAM = K328B98U3F;
				GENERATE_INFOPLIST_FILE = YES;
				IPHONEOS_DEPLOYMENT_TARGET = 16.0;
				MARKETING_VERSION = 1.0;
				PRODUCT_BUNDLE_IDENTIFIER = br.com.mentorJunior.workshop.XcodeCloudTests;
				PRODUCT_NAME = "$(TARGET_NAME)";
				SWIFT_EMIT_LOC_STRINGS = NO;
				SWIFT_VERSION = 5.0;
				TARGETED_DEVICE_FAMILY = "1,2";
				TEST_HOST = "$(BUILT_PRODUCTS_DIR)/XcodeCloud.app/$(BUNDLE_EXECUTABLE_FOLDER_PATH)/XcodeCloud";
			};
			name = Release;
		};
		6FB6079928E1D003007A834D /* Debug */ = {
			isa = XCBuildConfiguration;
			buildSettings = {
				ALWAYS_EMBED_SWIFT_STANDARD_LIBRARIES = YES;
				CODE_SIGN_STYLE = Automatic;
				CURRENT_PROJECT_VERSION = 1;
				DEVELOPMENT_TEAM = K328B98U3F;
				GENERATE_INFOPLIST_FILE = YES;
				MARKETING_VERSION = 1.0;
				PRODUCT_BUNDLE_IDENTIFIER = br.com.mentorJunior.workshop.XcodeCloudUITests;
				PRODUCT_NAME = "$(TARGET_NAME)";
				SWIFT_EMIT_LOC_STRINGS = NO;
				SWIFT_VERSION = 5.0;
				TARGETED_DEVICE_FAMILY = "1,2";
				TEST_TARGET_NAME = XcodeCloud;
			};
			name = Debug;
		};
		6FB6079A28E1D003007A834D /* Release */ = {
			isa = XCBuildConfiguration;
			buildSettings = {
				ALWAYS_EMBED_SWIFT_STANDARD_LIBRARIES = YES;
				CODE_SIGN_STYLE = Automatic;
				CURRENT_PROJECT_VERSION = 1;
				DEVELOPMENT_TEAM = K328B98U3F;
				GENERATE_INFOPLIST_FILE = YES;
				MARKETING_VERSION = 1.0;
				PRODUCT_BUNDLE_IDENTIFIER = br.com.mentorJunior.workshop.XcodeCloudUITests;
				PRODUCT_NAME = "$(TARGET_NAME)";
				SWIFT_EMIT_LOC_STRINGS = NO;
				SWIFT_VERSION = 5.0;
				TARGETED_DEVICE_FAMILY = "1,2";
				TEST_TARGET_NAME = XcodeCloud;
			};
			name = Release;
		};
/* End XCBuildConfiguration section */

/* Begin XCConfigurationList section */
		6FB6076328E1D001007A834D /* Build configuration list for PBXProject "XcodeCloud" */ = {
			isa = XCConfigurationList;
			buildConfigurations = (
				6FB6079028E1D003007A834D /* Debug */,
				6FB6079128E1D003007A834D /* Release */,
			);
			defaultConfigurationIsVisible = 0;
			defaultConfigurationName = Release;
		};
		6FB6079228E1D003007A834D /* Build configuration list for PBXNativeTarget "XcodeCloud12313" */ = {
			isa = XCConfigurationList;
			buildConfigurations = (
				6FB6079328E1D003007A834D /* Debug */,
				6FB6079428E1D003007A834D /* Release */,
			);
			defaultConfigurationIsVisible = 0;
			defaultConfigurationName = Release;
		};
		6FB6079528E1D003007A834D /* Build configuration list for PBXNativeTarget "XcodeCloudTests" */ = {
			isa = XCConfigurationList;
			buildConfigurations = (
				6FB6079628E1D003007A834D /* Debug */,
				6FB6079728E1D003007A834D /* Release */,
			);
			defaultConfigurationIsVisible = 0;
			defaultConfigurationName = Release;
		};
		6FB6079828E1D003007A834D /* Build configuration list for PBXNativeTarget "XcodeCloudUITests" */ = {
			isa = XCConfigurationList;
			buildConfigurations = (
				6FB6079928E1D003007A834D /* Debug */,
				6FB6079A28E1D003007A834D /* Release */,
			);
			defaultConfigurationIsVisible = 0;
			defaultConfigurationName = Release;
		};
/* End XCConfigurationList section */

/* Begin XCVersionGroup section */
		6FB6077628E1D003007A834D /* XcodeCloud.xcdatamodeld */ = {
			isa = XCVersionGroup;
			children = (
				6FB6077728E1D003007A834D /* XcodeCloud.xcdatamodel */,
			);
			currentVersion = 6FB6077728E1D003007A834D /* XcodeCloud.xcdatamodel */;
			path = XcodeCloud.xcdatamodeld;
			sourceTree = "<group>";
			versionGroupType = wrapper.xcdatamodel;
		};
/* End XCVersionGroup section */
	};
	rootObject = 6FB6076028E1D001007A834D /* Project object */;
}
